{
  "name": "color-name-api",
  "version": "0.3.1",
  "lockfileVersion": 1,
  "requires": true,
  "dependencies": {
    "color-name-list": {
      "version": "9.28.0",
      "resolved": "https://registry.npmjs.org/color-name-list/-/color-name-list-9.28.0.tgz",
      "integrity": "sha512-j5Qn+tpI30/Hkkb7Bb73VnDVVxMjyBPqBFPuV2UkhGjFhxCcx2Fr/EQxF1D5lw4rllP16yarGAWVmUL5U/J0Ag=="
    },
    "color-name-lists": {
      "version": "3.9.0",
      "resolved": "https://registry.npmjs.org/color-name-lists/-/color-name-lists-3.9.0.tgz",
      "integrity": "sha512-tmGYoRf0aVtbQMIVX2Ss6cCwKh+h+WdHEX8/7xrNTfRz1arh9gL/sR89fj3Ni1OeUL9TZePpHgh72iUOoIldqw==",
      "requires": {
        "color-standards-and-color-nomenclature": "^1.1.0",
        "riso-colors": "^1.0.1",
        "wikipedia-color-names": "^1.8.1"
      }
    },
    "color-standards-and-color-nomenclature": {
      "version": "1.1.0",
      "resolved": "https://registry.npmjs.org/color-standards-and-color-nomenclature/-/color-standards-and-color-nomenclature-1.1.0.tgz",
      "integrity": "sha512-vTysC6+ph3IP7ELJwStXb+OQq0XDkYmg+778e8+IwBnxZK5u5/ahB/wgBEZl/tyOQJx/MjXrzmULAYKPuaFi2g=="
    },
    "culori": {
      "version": "2.0.3",
      "resolved": "https://registry.npmjs.org/culori/-/culori-2.0.3.tgz",
      "integrity": "sha512-920cvHdCgdrkmiTgV09/qyGpk3d0RrktiU38bUigBDrNcK/19xRobKBzhSGoBpS9dy03P1OfC8zorQcnZKkK7A=="
    },
    "riso-colors": {
      "version": "1.0.1",
      "resolved": "https://registry.npmjs.org/riso-colors/-/riso-colors-1.0.1.tgz",
      "integrity": "sha512-foLj2eUiyft2hOe7PzsT9qcT+zLnkw3pGesPQv6JG93OJ0+1J0fdCwdtwxDDCqnYDdgRatKbrb0qhB95vhZ2wQ=="
    },
    "seedrandom": {
      "version": "3.0.5",
      "resolved": "https://registry.npmjs.org/seedrandom/-/seedrandom-3.0.5.tgz",
      "integrity": "sha512-8OwmbklUNzwezjGInmZ+2clQmExQPvomqjL7LFqOYqtmuxRgQYqOD3mHaU+MvZn5FLUeVxVfQjwLZW/n/JFuqg==",
      "dev": true
    },
    "wikipedia-color-names": {
      "version": "1.8.1",
      "resolved": "https://registry.npmjs.org/wikipedia-color-names/-/wikipedia-color-names-1.8.1.tgz",
      "integrity": "sha512-MJghsstTaQyeBccwkBJJjx09xA08BsEwzI/re5rpEXfCoyfnclOVAsb6QTs9E/LeOx/vj6PzXkQRDObU3xlhHQ=="
    }
  }
}
