{
  "name": "color-name-api",
  "version": "0.1.0",
  "lockfileVersion": 2,
  "requires": true,
  "packages": {
    "": {
      "name": "color-name-api",
      "version": "0.1.0",
      "license": "MIT",
      "dependencies": {
        "closestvector": "^0.6.1",
        "color-name-list": "^9.17.0",
        "color-name-lists": "^3.2.0",
        "culori": "^2.0.3"
      },
      "devDependencies": {
        "seedrandom": "^3.0.5"
      },
      "engines": {
        "node": ">=18.3.0",
        "npm": ">=8.11.0"
      }
    },
    "node_modules/closestvector": {
      "version": "0.6.1",
      "resolved": "https://registry.npmjs.org/closestvector/-/closestvector-0.6.1.tgz",
      "integrity": "sha512-zUSqVhmZ1w6W5DiA6JZxeGq7UtaraPKtzbRnWdkNd4WUNTWBz+iqCr1CwDEcw6FkwceWz86iXIS+jIvC2zN1qw=="
    },
    "node_modules/color-name-list": {
      "version": "9.17.0",
      "resolved": "https://registry.npmjs.org/color-name-list/-/color-name-list-9.17.0.tgz",
      "integrity": "sha512-HIDX34gTEq515taDnUGCWBrx6H3SCvm0nX8kJTQrnsgbEF3sBHBy4lP6aWdmdwYMs0VLQYiN3XDnPPyfzZQ+Ug==",
      "engines": {
        "node": ">=16",
        "npm": ">=8.11.0"
      }
    },
    "node_modules/color-name-lists": {
      "version": "3.2.0",
      "resolved": "https://registry.npmjs.org/color-name-lists/-/color-name-lists-3.2.0.tgz",
      "integrity": "sha512-j7L3pcNSfyZ4dBml2/443bfSOJ+gKeAjNNXwzCRfSHKY+OYXwbB2PGrmUecFql0ZaljPQKjl89hN7YRPOLwAeQ==",
      "dependencies": {
        "wikipedia-color-names": "^1.6.1"
      }
    },
    "node_modules/culori": {
      "version": "2.0.3",
      "resolved": "https://registry.npmjs.org/culori/-/culori-2.0.3.tgz",
      "integrity": "sha512-920cvHdCgdrkmiTgV09/qyGpk3d0RrktiU38bUigBDrNcK/19xRobKBzhSGoBpS9dy03P1OfC8zorQcnZKkK7A==",
      "engines": {
        "node": "^12.20.0 || ^14.13.1 || >=16.0.0"
      }
    },
    "node_modules/seedrandom": {
      "version": "3.0.5",
      "resolved": "https://registry.npmjs.org/seedrandom/-/seedrandom-3.0.5.tgz",
      "integrity": "sha512-8OwmbklUNzwezjGInmZ+2clQmExQPvomqjL7LFqOYqtmuxRgQYqOD3mHaU+MvZn5FLUeVxVfQjwLZW/n/JFuqg==",
      "dev": true
    },
    "node_modules/wikipedia-color-names": {
      "version": "1.6.1",
      "resolved": "https://registry.npmjs.org/wikipedia-color-names/-/wikipedia-color-names-1.6.1.tgz",
      "integrity": "sha512-jBfgzW7UpTyGa3ssL+3iGFOrKyJZZpJOwlmCVkykIxx4m99xpPCI46IeF8R6vRTu5o7urFAs2oPWNFLhXcjjCg=="
    }
  },
  "dependencies": {
    "closestvector": {
      "version": "0.6.1",
      "resolved": "https://registry.npmjs.org/closestvector/-/closestvector-0.6.1.tgz",
      "integrity": "sha512-zUSqVhmZ1w6W5DiA6JZxeGq7UtaraPKtzbRnWdkNd4WUNTWBz+iqCr1CwDEcw6FkwceWz86iXIS+jIvC2zN1qw=="
    },
    "color-name-list": {
      "version": "9.17.0",
      "resolved": "https://registry.npmjs.org/color-name-list/-/color-name-list-9.17.0.tgz",
      "integrity": "sha512-HIDX34gTEq515taDnUGCWBrx6H3SCvm0nX8kJTQrnsgbEF3sBHBy4lP6aWdmdwYMs0VLQYiN3XDnPPyfzZQ+Ug=="
    },
    "color-name-lists": {
      "version": "3.2.0",
      "resolved": "https://registry.npmjs.org/color-name-lists/-/color-name-lists-3.2.0.tgz",
      "integrity": "sha512-j7L3pcNSfyZ4dBml2/443bfSOJ+gKeAjNNXwzCRfSHKY+OYXwbB2PGrmUecFql0ZaljPQKjl89hN7YRPOLwAeQ==",
      "requires": {
        "wikipedia-color-names": "^1.6.1"
      }
    },
    "culori": {
      "version": "2.0.3",
      "resolved": "https://registry.npmjs.org/culori/-/culori-2.0.3.tgz",
      "integrity": "sha512-920cvHdCgdrkmiTgV09/qyGpk3d0RrktiU38bUigBDrNcK/19xRobKBzhSGoBpS9dy03P1OfC8zorQcnZKkK7A=="
    },
    "seedrandom": {
      "version": "3.0.5",
      "resolved": "https://registry.npmjs.org/seedrandom/-/seedrandom-3.0.5.tgz",
      "integrity": "sha512-8OwmbklUNzwezjGInmZ+2clQmExQPvomqjL7LFqOYqtmuxRgQYqOD3mHaU+MvZn5FLUeVxVfQjwLZW/n/JFuqg==",
      "dev": true
    },
    "wikipedia-color-names": {
      "version": "1.6.1",
      "resolved": "https://registry.npmjs.org/wikipedia-color-names/-/wikipedia-color-names-1.6.1.tgz",
      "integrity": "sha512-jBfgzW7UpTyGa3ssL+3iGFOrKyJZZpJOwlmCVkykIxx4m99xpPCI46IeF8R6vRTu5o7urFAs2oPWNFLhXcjjCg=="
    }
  }
}
