{
  "name": "color-name-api",
  "version": "0.1.0",
  "lockfileVersion": 1,
  "requires": true,
  "dependencies": {
    "color-name-list": {
      "version": "9.21.0",
      "resolved": "https://registry.npmjs.org/color-name-list/-/color-name-list-9.21.0.tgz",
      "integrity": "sha512-OyDLBXU8VwdvTn3RurtRkwYxieZB/SED5Rr6iKyU+I31sUV5GJEqC9cbTCkis12XlIm5cjmQCjOqA9U8vd3Yqw=="
    },
    "color-name-lists": {
      "version": "3.5.0",
      "resolved": "https://registry.npmjs.org/color-name-lists/-/color-name-lists-3.5.0.tgz",
      "integrity": "sha512-cOGJv13tPDG5Aa3B+4TAzS6Y5xg4xBv2EQ+4oRimQpp/RLu+9IGOmV0wk2PdnKvrJIswretu6CzE3i17xexaaA==",
      "requires": {
        "color-standards-and-color-nomenclature": "^1.1.0",
        "wikipedia-color-names": "^1.7.1"
      }
    },
    "color-standards-and-color-nomenclature": {
      "version": "1.1.0",
      "resolved": "https://registry.npmjs.org/color-standards-and-color-nomenclature/-/color-standards-and-color-nomenclature-1.1.0.tgz",
      "integrity": "sha512-vTysC6+ph3IP7ELJwStXb+OQq0XDkYmg+778e8+IwBnxZK5u5/ahB/wgBEZl/tyOQJx/MjXrzmULAYKPuaFi2g=="
    },
    "culori": {
      "version": "2.0.3",
      "resolved": "https://registry.npmjs.org/culori/-/culori-2.0.3.tgz",
      "integrity": "sha512-920cvHdCgdrkmiTgV09/qyGpk3d0RrktiU38bUigBDrNcK/19xRobKBzhSGoBpS9dy03P1OfC8zorQcnZKkK7A=="
    },
    "seedrandom": {
      "version": "3.0.5",
      "resolved": "https://registry.npmjs.org/seedrandom/-/seedrandom-3.0.5.tgz",
      "integrity": "sha512-8OwmbklUNzwezjGInmZ+2clQmExQPvomqjL7LFqOYqtmuxRgQYqOD3mHaU+MvZn5FLUeVxVfQjwLZW/n/JFuqg==",
      "dev": true
    },
    "wikipedia-color-names": {
      "version": "1.7.1",
      "resolved": "https://registry.npmjs.org/wikipedia-color-names/-/wikipedia-color-names-1.7.1.tgz",
      "integrity": "sha512-3OKbSWmA3hHXN0OXG/0PGsBd5DHKCOZllw9017ro+rP+rqXuJ2oUr9pRFiNkEwkKNKWaNlijtztbsH2u2aGtZA=="
    }
  }
}
